
Microsoft Visual Studio Solution File, Format Version 12.00
# Visual Studio 15
VisualStudioVersion = 15.0.28307.168
MinimumVisualStudioVersion = 10.0.40219.1
Project("{FAE04EC0-301F-11D3-BF4B-00C04F79EFBC}") = "BusinessContractSearch.Lib", "BusinessContractSearch\BusinessContractSearch.Lib.csproj", "{EF18EBA3-4084-4FD6-9BA2-165769B1AB03}"
EndProject
Project("{FAE04EC0-301F-11D3-BF4B-00C04F79EFBC}") = "BusinessContractSearch.Test", "BusinessContractSearch.Test\BusinessContractSearch.Test.csproj", "{2CC7EC7D-0FB3-4EF0-B2E0-17DE50840C9E}"
EndProject
Global
	GlobalSection(SolutionConfigurationPlatforms) = preSolution
		Debug|Any CPU = Debug|Any CPU
		Release|Any CPU = Release|Any CPU
	EndGlobalSection
	GlobalSection(ProjectConfigurationPlatforms) = postSolution
		{EF18EBA3-4084-4FD6-9BA2-165769B1AB03}.Debug|Any CPU.ActiveCfg = Debug|Any CPU
		{EF18EBA3-4084-4FD6-9BA2-165769B1AB03}.Debug|Any CPU.Build.0 = Debug|Any CPU
		{EF18EBA3-4084-4FD6-9BA2-165769B1AB03}.Release|Any CPU.ActiveCfg = Release|Any CPU
		{EF18EBA3-4084-4FD6-9BA2-165769B1AB03}.Release|Any CPU.Build.0 = Release|Any CPU
		{2CC7EC7D-0FB3-4EF0-B2E0-17DE50840C9E}.Debug|Any CPU.ActiveCfg = Debug|Any CPU
		{2CC7EC7D-0FB3-4EF0-B2E0-17DE50840C9E}.Debug|Any CPU.Build.0 = Debug|Any CPU
		{2CC7EC7D-0FB3-4EF0-B2E0-17DE50840C9E}.Release|Any CPU.ActiveCfg = Release|Any CPU
		{2CC7EC7D-0FB3-4EF0-B2E0-17DE50840C9E}.Release|Any CPU.Build.0 = Release|Any CPU
	EndGlobalSection
	GlobalSection(SolutionProperties) = preSolution
		HideSolutionNode = FALSE
	EndGlobalSection
	GlobalSection(ExtensibilityGlobals) = postSolution
		SolutionGuid = {8FC213DF-1BEC-43E4-8143-7C796442A237}
	EndGlobalSection
EndGlobal
